<?xml version="1.0" encoding="utf-8"?>
<Project ToolsVersion="4.0" xmlns="http://schemas.microsoft.com/developer/msbuild/2003">
  <ItemGroup>
    <ClCompile Include="22_preprocessor1\preprocessor.cpp" />
    <ClCompile Include="22_preprocessor1\test1.cpp" />
    <ClCompile Include="24_dynamic allocation.cpp" />
  </ItemGroup>
  <ItemGroup>
    <ClInclude Include="22_preprocessor1\test1.h" />
    <ClInclude Include="22_preprocessor2\test2.h" />
  </ItemGroup>
</Project>